// !$*UTF8*$!
{
	archiveVersion = 1;
	classes = {
	};
	objectVersion = 48;
	objects = {

/* Begin PBXBuildFile section */
		F3DE78761F8DB20C0093EF82 /* AppDelegate.swift in Sources */ = {isa = PBXBuildFile; fileRef = F3DE78751F8DB20C0093EF82 /* AppDelegate.swift */; };
		F3DE78781F8DB20C0093EF82 /* ViewController.swift in Sources */ = {isa = PBXBuildFile; fileRef = F3DE78771F8DB20C0093EF82 /* ViewController.swift */; };
		F3DE787B1F8DB20C0093EF82 /* Main.storyboard in Resources */ = {isa = PBXBuildFile; fileRef = F3DE78791F8DB20C0093EF82 /* Main.storyboard */; };
		F3DE787D1F8DB20C0093EF82 /* Assets.xcassets in Resources */ = {isa = PBXBuildFile; fileRef = F3DE787C1F8DB20C0093EF82 /* Assets.xcassets */; };
		F3DE78801F8DB20C0093EF82 /* LaunchScreen.storyboard in Resources */ = {isa = PBXBuildFile; fileRef = F3DE787E1F8DB20C0093EF82 /* LaunchScreen.storyboard */; };
		F3DE788B1F8DB20D0093EF82 /* PracticeTests.swift in Sources */ = {isa = PBXBuildFile; fileRef = F3DE788A1F8DB20D0093EF82 /* PracticeTests.swift */; };
		F3DE78961F8DB20D0093EF82 /* PracticeUITests.swift in Sources */ = {isa = PBXBuildFile; fileRef = F3DE78951F8DB20D0093EF82 /* PracticeUITests.swift */; };
/* End PBXBuildFile section */

/* Begin PBXContainerItemProxy section */
		F3DE78871F8DB20D0093EF82 /* PBXContainerItemProxy */ = {
			isa = PBXContainerItemProxy;
			containerPortal = F3DE786A1F8DB20C0093EF82 /* Project object */;
			proxyType = 1;
			remoteGlobalIDString = F3DE78711F8DB20C0093EF82;
			remoteInfo = Practice;
		};
		F3DE78921F8DB20D0093EF82 /* PBXContainerItemProxy */ = {
			isa = PBXContainerItemProxy;
			containerPortal = F3DE786A1F8DB20C0093EF82 /* Project object */;
			proxyType = 1;
			remoteGlobalIDString = F3DE78711F8DB20C0093EF82;
			remoteInfo = Practice;
		};
/* End PBXContainerItemProxy section */

/* Begin PBXFileReference section */
		F3DE78721F8DB20C0093EF82 /* Practice.app */ = {isa = PBXFileReference; explicitFileType = wrapper.application; includeInIndex = 0; path = Practice.app; sourceTree = BUILT_PRODUCTS_DIR; };
		F3DE78751F8DB20C0093EF82 /* AppDelegate.swift */ = {isa = PBXFileReference; lastKnownFileType = sourcecode.swift; path = AppDelegate.swift; sourceTree = "<group>"; };
		F3DE78771F8DB20C0093EF82 /* ViewController.swift */ = {isa = PBXFileReference; lastKnownFileType = sourcecode.swift; path = ViewController.swift; sourceTree = "<group>"; };
		F3DE787A1F8DB20C0093EF82 /* Base */ = {isa = PBXFileReference; lastKnownFileType = file.storyboard; name = Base; path = Base.lproj/Main.storyboard; sourceTree = "<group>"; };
		F3DE787C1F8DB20C0093EF82 /* Assets.xcassets */ = {isa = PBXFileReference; lastKnownFileType = folder.assetcatalog; path = Assets.xcassets; sourceTree = "<group>"; };
		F3DE787F1F8DB20C0093EF82 /* Base */ = {isa = PBXFileReference; lastKnownFileType = file.storyboard; name = Base; path = Base.lproj/LaunchScreen.storyboard; sourceTree = "<group>"; };
		F3DE78811F8DB20C0093EF82 /* Info.plist */ = {isa = PBXFileReference; lastKnownFileType = text.plist.xml; path = Info.plist; sourceTree = "<group>"; };
		F3DE78861F8DB20D0093EF82 /* PracticeTests.xctest */ = {isa = PBXFileReference; explicitFileType = wrapper.cfbundle; includeInIndex = 0; path = PracticeTests.xctest; sourceTree = BUILT_PRODUCTS_DIR; };
		F3DE788A1F8DB20D0093EF82 /* PracticeTests.swift */ = {isa = PBXFileReference; lastKnownFileType = sourcecode.swift; path = PracticeTests.swift; sourceTree = "<group>"; };
		F3DE788C1F8DB20D0093EF82 /* Info.plist */ = {isa = PBXFileReference; lastKnownFileType = text.plist.xml; path = Info.plist; sourceTree = "<group>"; };
		F3DE78911F8DB20D0093EF82 /* PracticeUITests.xctest */ = {isa = PBXFileReference; explicitFileType = wrapper.cfbundle; includeInIndex = 0; path = PracticeUITests.xctest; sourceTree = BUILT_PRODUCTS_DIR; };
		F3DE78951F8DB20D0093EF82 /* PracticeUITests.swift */ = {isa = PBXFileReference; lastKnownFileType = sourcecode.swift; path = PracticeUITests.swift; sourceTree = "<group>"; };
		F3DE78971F8DB20D0093EF82 /* Info.plist */ = {isa = PBXFileReference; lastKnownFileType = text.plist.xml; path = Info.plist; sourceTree = "<group>"; };
/* End PBXFileReference section */

/* Begin PBXFrameworksBuildPhase section */
		F3DE786F1F8DB20C0093EF82 /* Frameworks */ = {
			isa = PBXFrameworksBuildPhase;
			buildActionMask = 2147483647;
			files = (
			);
			runOnlyForDeploymentPostprocessing = 0;
		};
		F3DE78831F8DB20D0093EF82 /* Frameworks */ = {
			isa = PBXFrameworksBuildPhase;
			buildActionMask = 2147483647;
			files = (
			);
			runOnlyForDeploymentPostprocessing = 0;
		};
		F3DE788E1F8DB20D0093EF82 /* Frameworks */ = {
			isa = PBXFrameworksBuildPhase;
			buildActionMask = 2147483647;
			files = (
			);
			runOnlyForDeploymentPostprocessing = 0;
		};
/* End PBXFrameworksBuildPhase section */

/* Begin PBXGroup section */
		F3DE78691F8DB20C0093EF82 = {
			isa = PBXGroup;
			children = (
				F3DE78741F8DB20C0093EF82 /* Practice */,
				F3DE78891F8DB20D0093EF82 /* PracticeTests */,
				F3DE78941F8DB20D0093EF82 /* PracticeUITests */,
				F3DE78731F8DB20C0093EF82 /* Products */,
			);
			sourceTree = "<group>";
		};
		F3DE78731F8DB20C0093EF82 /* Products */ = {
			isa = PBXGroup;
			children = (
				F3DE78721F8DB20C0093EF82 /* Practice.app */,
				F3DE78861F8DB20D0093EF82 /* PracticeTests.xctest */,
				F3DE78911F8DB20D0093EF82 /* PracticeUITests.xctest */,
			);
			name = Products;
			sourceTree = "<group>";
		};
		F3DE78741F8DB20C0093EF82 /* Practice */ = {
			isa = PBXGroup;
			children = (
				F3DE78751F8DB20C0093EF82 /* AppDelegate.swift */,
				F3DE78771F8DB20C0093EF82 /* ViewController.swift */,
				F3DE78791F8DB20C0093EF82 /* Main.storyboard */,
				F3DE787C1F8DB20C0093EF82 /* Assets.xcassets */,
				F3DE787E1F8DB20C0093EF82 /* LaunchScreen.storyboard */,
				F3DE78811F8DB20C0093EF82 /* Info.plist */,
			);
			path = Practice;
			sourceTree = "<group>";
		};
		F3DE78891F8DB20D0093EF82 /* PracticeTests */ = {
			isa = PBXGroup;
			children = (
				F3DE788A1F8DB20D0093EF82 /* PracticeTests.swift */,
				F3DE788C1F8DB20D0093EF82 /* Info.plist */,
			);
			path = PracticeTests;
			sourceTree = "<group>";
		};
		F3DE78941F8DB20D0093EF82 /* PracticeUITests */ = {
			isa = PBXGroup;
			children = (
				F3DE78951F8DB20D0093EF82 /* PracticeUITests.swift */,
				F3DE78971F8DB20D0093EF82 /* Info.plist */,
			);
			path = PracticeUITests;
			sourceTree = "<group>";
		};
/* End PBXGroup section */

/* Begin PBXNativeTarget section */
		F3DE78711F8DB20C0093EF82 /* Practice */ = {
			isa = PBXNativeTarget;
			buildConfigurationList = F3DE789A1F8DB20D0093EF82 /* Build configuration list for PBXNativeTarget "Practice" */;
			buildPhases = (
				F3DE786E1F8DB20C0093EF82 /* Sources */,
				F3DE786F1F8DB20C0093EF82 /* Frameworks */,
				F3DE78701F8DB20C0093EF82 /* Resources */,
			);
			buildRules = (
			);
			dependencies = (
			);
			name = Practice;
			productName = Practice;
			productReference = F3DE78721F8DB20C0093EF82 /* Practice.app */;
			productType = "com.apple.product-type.application";
		};
		F3DE78851F8DB20D0093EF82 /* PracticeTests */ = {
			isa = PBXNativeTarget;
			buildConfigurationList = F3DE789D1F8DB20D0093EF82 /* Build configuration list for PBXNativeTarget "PracticeTests" */;
			buildPhases = (
				F3DE78821F8DB20D0093EF82 /* Sources */,
				F3DE78831F8DB20D0093EF82 /* Frameworks */,
				F3DE78841F8DB20D0093EF82 /* Resources */,
			);
			buildRules = (
			);
			dependencies = (
				F3DE78881F8DB20D0093EF82 /* PBXTargetDependency */,
			);
			name = PracticeTests;
			productName = PracticeTests;
			productReference = F3DE78861F8DB20D0093EF82 /* PracticeTests.xctest */;
			productType = "com.apple.product-type.bundle.unit-test";
		};
		F3DE78901F8DB20D0093EF82 /* PracticeUITests */ = {
			isa = PBXNativeTarget;
			buildConfigurationList = F3DE78A01F8DB20D0093EF82 /* Build configuration list for PBXNativeTarget "PracticeUITests" */;
			buildPhases = (
				F3DE788D1F8DB20D0093EF82 /* Sources */,
				F3DE788E1F8DB20D0093EF82 /* Frameworks */,
				F3DE788F1F8DB20D0093EF82 /* Resources */,
			);
			buildRules = (
			);
			dependencies = (
				F3DE78931F8DB20D0093EF82 /* PBXTargetDependency */,
			);
			name = PracticeUITests;
			productName = PracticeUITests;
			productReference = F3DE78911F8DB20D0093EF82 /* PracticeUITests.xctest */;
			productType = "com.apple.product-type.bundle.ui-testing";
		};
/* End PBXNativeTarget section */

/* Begin PBXProject section */
		F3DE786A1F8DB20C0093EF82 /* Project object */ = {
			isa = PBXProject;
			attributes = {
				LastSwiftUpdateCheck = 0900;
				LastUpgradeCheck = 0900;
				ORGANIZATIONNAME = "Greg Coulter";
				TargetAttributes = {
					F3DE78711F8DB20C0093EF82 = {
						CreatedOnToolsVersion = 9.0;
						ProvisioningStyle = Automatic;
					};
					F3DE78851F8DB20D0093EF82 = {
						CreatedOnToolsVersion = 9.0;
						ProvisioningStyle = Automatic;
						TestTargetID = F3DE78711F8DB20C0093EF82;
					};
					F3DE78901F8DB20D0093EF82 = {
						CreatedOnToolsVersion = 9.0;
						ProvisioningStyle = Automatic;
						TestTargetID = F3DE78711F8DB20C0093EF82;
					};
				};
			};
			buildConfigurationList = F3DE786D1F8DB20C0093EF82 /* Build configuration list for PBXProject "Practice" */;
			compatibilityVersion = "Xcode 8.0";
			developmentRegion = en;
			hasScannedForEncodings = 0;
			knownRegions = (
				en,
				Base,
			);
			mainGroup = F3DE78691F8DB20C0093EF82;
			productRefGroup = F3DE78731F8DB20C0093EF82 /* Products */;
			projectDirPath = "";
			projectRoot = "";
			targets = (
				F3DE78711F8DB20C0093EF82 /* Practice */,
				F3DE78851F8DB20D0093EF82 /* PracticeTests */,
				F3DE78901F8DB20D0093EF82 /* PracticeUITests */,
			);
		};
/* End PBXProject section */

/* Begin PBXResourcesBuildPhase section */
		F3DE78701F8DB20C0093EF82 /* Resources */ = {
			isa = PBXResourcesBuildPhase;
			buildActionMask = 2147483647;
			files = (
				F3DE78801F8DB20C0093EF82 /* LaunchScreen.storyboard in Resources */,
				F3DE787D1F8DB20C0093EF82 /* Assets.xcassets in Resources */,
				F3DE787B1F8DB20C0093EF82 /* Main.storyboard in Resources */,
			);
			runOnlyForDeploymentPostprocessing = 0;
		};
		F3DE78841F8DB20D0093EF82 /* Resources */ = {
			isa = PBXResourcesBuildPhase;
			buildActionMask = 2147483647;
			files = (
			);
			runOnlyForDeploymentPostprocessing = 0;
		};
		F3DE788F1F8DB20D0093EF82 /* Resources */ = {
			isa = PBXResourcesBuildPhase;
			buildActionMask = 2147483647;
			files = (
			);
			runOnlyForDeploymentPostprocessing = 0;
		};
/* End PBXResourcesBuildPhase section */

/* Begin PBXSourcesBuildPhase section */
		F3DE786E1F8DB20C0093EF82 /* Sources */ = {
			isa = PBXSourcesBuildPhase;
			buildActionMask = 2147483647;
			files = (
				F3DE78781F8DB20C0093EF82 /* ViewController.swift in Sources */,
				F3DE78761F8DB20C0093EF82 /* AppDelegate.swift in Sources */,
			);
			runOnlyForDeploymentPostprocessing = 0;
		};
		F3DE78821F8DB20D0093EF82 /* Sources */ = {
			isa = PBXSourcesBuildPhase;
			buildActionMask = 2147483647;
			files = (
				F3DE788B1F8DB20D0093EF82 /* PracticeTests.swift in Sources */,
			);
			runOnlyForDeploymentPostprocessing = 0;
		};
		F3DE788D1F8DB20D0093EF82 /* Sources */ = {
			isa = PBXSourcesBuildPhase;
			buildActionMask = 2147483647;
			files = (
				F3DE78961F8DB20D0093EF82 /* PracticeUITests.swift in Sources */,
			);
			runOnlyForDeploymentPostprocessing = 0;
		};
/* End PBXSourcesBuildPhase section */

/* Begin PBXTargetDependency section */
		F3DE78881F8DB20D0093EF82 /* PBXTargetDependency */ = {
			isa = PBXTargetDependency;
			target = F3DE78711F8DB20C0093EF82 /* Practice */;
			targetProxy = F3DE78871F8DB20D0093EF82 /* PBXContainerItemProxy */;
		};
		F3DE78931F8DB20D0093EF82 /* PBXTargetDependency */ = {
			isa = PBXTargetDependency;
			target = F3DE78711F8DB20C0093EF82 /* Practice */;
			targetProxy = F3DE78921F8DB20D0093EF82 /* PBXContainerItemProxy */;
		};
/* End PBXTargetDependency section */

/* Begin PBXVariantGroup section */
		F3DE78791F8DB20C0093EF82 /* Main.storyboard */ = {
			isa = PBXVariantGroup;
			children = (
				F3DE787A1F8DB20C0093EF82 /* Base */,
			);
			name = Main.storyboard;
			sourceTree = "<group>";
		};
		F3DE787E1F8DB20C0093EF82 /* LaunchScreen.storyboard */ = {
			isa = PBXVariantGroup;
			children = (
				F3DE787F1F8DB20C0093EF82 /* Base */,
			);
			name = LaunchScreen.storyboard;
			sourceTree = "<group>";
		};
/* End PBXVariantGroup section */

/* Begin XCBuildConfiguration section */
		F3DE78981F8DB20D0093EF82 /* Debug */ = {
			isa = XCBuildConfiguration;
			buildSettings = {
				ALWAYS_SEARCH_USER_PATHS = NO;
				CLANG_ANALYZER_NONNULL = YES;
				CLANG_ANALYZER_NUMBER_OBJECT_CONVERSION = YES_AGGRESSIVE;
				CLANG_CXX_LANGUAGE_STANDARD = "gnu++14";
				CLANG_CXX_LIBRARY = "libc++";
				CLANG_ENABLE_MODULES = YES;
				CLANG_ENABLE_OBJC_ARC = YES;
				CLANG_WARN_BLOCK_CAPTURE_AUTORELEASING = YES;
				CLANG_WARN_BOOL_CONVERSION = YES;
				CLANG_WARN_COMMA = YES;
				CLANG_WARN_CONSTANT_CONVERSION = YES;
				CLANG_WARN_DIRECT_OBJC_ISA_USAGE = YES_ERROR;
				CLANG_WARN_DOCUMENTATION_COMMENTS = YES;
				CLANG_WARN_EMPTY_BODY = YES;
				CLANG_WARN_ENUM_CONVERSION = YES;
				CLANG_WARN_INFINITE_RECURSION = YES;
				CLANG_WARN_INT_CONVERSION = YES;
				CLANG_WARN_NON_LITERAL_NULL_CONVERSION = YES;
				CLANG_WARN_OBJC_LITERAL_CONVERSION = YES;
				CLANG_WARN_OBJC_ROOT_CLASS = YES_ERROR;
				CLANG_WARN_RANGE_LOOP_ANALYSIS = YES;
				CLANG_WARN_STRICT_PROTOTYPES = YES;
				CLANG_WARN_SUSPICIOUS_MOVE = YES;
				CLANG_WARN_UNGUARDED_AVAILABILITY = YES_AGGRESSIVE;
				CLANG_WARN_UNREACHABLE_CODE = YES;
				CLANG_WARN__DUPLICATE_METHOD_MATCH = YES;
				CODE_SIGN_IDENTITY = "iPhone Developer";
				COPY_PHASE_STRIP = NO;
				DEBUG_INFORMATION_FORMAT = dwarf;
				ENABLE_STRICT_OBJC_MSGSEND = YES;
				ENABLE_TESTABILITY = YES;
				GCC_C_LANGUAGE_STANDARD = gnu11;
				GCC_DYNAMIC_NO_PIC = NO;
				GCC_NO_COMMON_BLOCKS = YES;
				GCC_OPTIMIZATION_LEVEL = 0;
				GCC_PREPROCESSOR_DEFINITIONS = (
					"DEBUG=1",
					"$(inherited)",
				);
				GCC_WARN_64_TO_32_BIT_CONVERSION = YES;
				GCC_WARN_ABOUT_RETURN_TYPE = YES_ERROR;
				GCC_WARN_UNDECLARED_SELECTOR = YES;
				GCC_WARN_UNINITIALIZED_AUTOS = YES_AGGRESSIVE;
				GCC_WARN_UNUSED_FUNCTION = YES;
				GCC_WARN_UNUSED_VARIABLE = YES;
				IPHONEOS_DEPLOYMENT_TARGET = 11.0;
				MTL_ENABLE_DEBUG_INFO = YES;
				ONLY_ACTIVE_ARCH = YES;
				SDKROOT = iphoneos;
				SWIFT_ACTIVE_COMPILATION_CONDITIONS = DEBUG;
				SWIFT_OPTIMIZATION_LEVEL = "-Onone";
			};
			name = Debug;
		};
		F3DE78991F8DB20D0093EF82 /* Release */ = {
			isa = XCBuildConfiguration;
			buildSettings = {
				ALWAYS_SEARCH_USER_PATHS = NO;
				CLANG_ANALYZER_NONNULL = YES;
				CLANG_ANALYZER_NUMBER_OBJECT_CONVERSION = YES_AGGRESSIVE;
				CLANG_CXX_LANGUAGE_STANDARD = "gnu++14";
				CLANG_CXX_LIBRARY = "libc++";
				CLANG_ENABLE_MODULES = YES;
				CLANG_ENABLE_OBJC_ARC = YES;
				CLANG_WARN_BLOCK_CAPTURE_AUTORELEASING = YES;
				CLANG_WARN_BOOL_CONVERSION = YES;
				CLANG_WARN_COMMA = YES;
				CLANG_WARN_CONSTANT_CONVERSION = YES;
				CLANG_WARN_DIRECT_OBJC_ISA_USAGE = YES_ERROR;
				CLANG_WARN_DOCUMENTATION_COMMENTS = YES;
				CLANG_WARN_EMPTY_BODY = YES;
				CLANG_WARN_ENUM_CONVERSION = YES;
				CLANG_WARN_INFINITE_RECURSION = YES;
				CLANG_WARN_INT_CONVERSION = YES;
				CLANG_WARN_NON_LITERAL_NULL_CONVERSION = YES;
				CLANG_WARN_OBJC_LITERAL_CONVERSION = YES;
				CLANG_WARN_OBJC_ROOT_CLASS = YES_ERROR;
				CLANG_WARN_RANGE_LOOP_ANALYSIS = YES;
				CLANG_WARN_STRICT_PROTOTYPES = YES;
				CLANG_WARN_SUSPICIOUS_MOVE = YES;
				CLANG_WARN_UNGUARDED_AVAILABILITY = YES_AGGRESSIVE;
				CLANG_WARN_UNREACHABLE_CODE = YES;
				CLANG_WARN__DUPLICATE_METHOD_MATCH = YES;
				CODE_SIGN_IDENTITY = "iPhone Developer";
				COPY_PHASE_STRIP = NO;
				DEBUG_INFORMATION_FORMAT = "dwarf-with-dsym";
				ENABLE_NS_ASSERTIONS = NO;
				ENABLE_STRICT_OBJC_MSGSEND = YES;
				GCC_C_LANGUAGE_STANDARD = gnu11;
				GCC_NO_COMMON_BLOCKS = YES;
				GCC_WARN_64_TO_32_BIT_CONVERSION = YES;
				GCC_WARN_ABOUT_RETURN_TYPE = YES_ERROR;
				GCC_WARN_UNDECLARED_SELECTOR = YES;
				GCC_WARN_UNINITIALIZED_AUTOS = YES_AGGRESSIVE;
				GCC_WARN_UNUSED_FUNCTION = YES;
				GCC_WARN_UNUSED_VARIABLE = YES;
				IPHONEOS_DEPLOYMENT_TARGET = 11.0;
				MTL_ENABLE_DEBUG_INFO = NO;
				SDKROOT = iphoneos;
				SWIFT_OPTIMIZATION_LEVEL = "-Owholemodule";
				VALIDATE_PRODUCT = YES;
			};
			name = Release;
		};
		F3DE789B1F8DB20D0093EF82 /* Debug */ = {
			isa = XCBuildConfiguration;
			buildSettings = {
				ASSETCATALOG_COMPILER_APPICON_NAME = AppIcon;
				CODE_SIGN_STYLE = Automatic;
				INFOPLIST_FILE = Practice/Info.plist;
				LD_RUNPATH_SEARCH_PATHS = "$(inherited) @executable_path/Frameworks";
				PRODUCT_BUNDLE_IDENTIFIER = temp.Practice;
				PRODUCT_NAME = "$(TARGET_NAME)";
				SWIFT_VERSION = 4.0;
				TARGETED_DEVICE_FAMILY = "1,2";
			};
			name = Debug;
		};
		F3DE789C1F8DB20D0093EF82 /* Release */ = {
			isa = XCBuildConfiguration;
			buildSettings = {
				ASSETCATALOG_COMPILER_APPICON_NAME = AppIcon;
				CODE_SIGN_STYLE = Automatic;
				INFOPLIST_FILE = Practice/Info.plist;
				LD_RUNPATH_SEARCH_PATHS = "$(inherited) @executable_path/Frameworks";
				PRODUCT_BUNDLE_IDENTIFIER = temp.Practice;
				PRODUCT_NAME = "$(TARGET_NAME)";
				SWIFT_VERSION = 4.0;
				TARGETED_DEVICE_FAMILY = "1,2";
			};
			name = Release;
		};
		F3DE789E1F8DB20D0093EF82 /* Debug */ = {
			isa = XCBuildConfiguration;
			buildSettings = {
				ALWAYS_EMBED_SWIFT_STANDARD_LIBRARIES = YES;
				BUNDLE_LOADER = "$(TEST_HOST)";
				CODE_SIGN_STYLE = Automatic;
				INFOPLIST_FILE = PracticeTests/Info.plist;
				LD_RUNPATH_SEARCH_PATHS = "$(inherited) @executable_path/Frameworks @loader_path/Frameworks";
				PRODUCT_BUNDLE_IDENTIFIER = temp.PracticeTests;
				PRODUCT_NAME = "$(TARGET_NAME)";
				SWIFT_VERSION = 4.0;
				TARGETED_DEVICE_FAMILY = "1,2";
				TEST_HOST = "$(BUILT_PRODUCTS_DIR)/Practice.app/Practice";
			};
			name = Debug;
		};
		F3DE789F1F8DB20D0093EF82 /* Release */ = {
			isa = XCBuildConfiguration;
			buildSettings = {
				ALWAYS_EMBED_SWIFT_STANDARD_LIBRARIES = YES;
				BUNDLE_LOADER = "$(TEST_HOST)";
				CODE_SIGN_STYLE = Automatic;
				INFOPLIST_FILE = PracticeTests/Info.plist;
				LD_RUNPATH_SEARCH_PATHS = "$(inherited) @executable_path/Frameworks @loader_path/Frameworks";
				PRODUCT_BUNDLE_IDENTIFIER = temp.PracticeTests;
				PRODUCT_NAME = "$(TARGET_NAME)";
				SWIFT_VERSION = 4.0;
				TARGETED_DEVICE_FAMILY = "1,2";
				TEST_HOST = "$(BUILT_PRODUCTS_DIR)/Practice.app/Practice";
			};
			name = Release;
		};
		F3DE78A11F8DB20D0093EF82 /* Debug */ = {
			isa = XCBuildConfiguration;
			buildSettings = {
				ALWAYS_EMBED_SWIFT_STANDARD_LIBRARIES = YES;
				CODE_SIGN_STYLE = Automatic;
				INFOPLIST_FILE = PracticeUITests/Info.plist;
				LD_RUNPATH_SEARCH_PATHS = "$(inherited) @executable_path/Frameworks @loader_path/Frameworks";
				PRODUCT_BUNDLE_IDENTIFIER = temp.PracticeUITests;
				PRODUCT_NAME = "$(TARGET_NAME)";
				SWIFT_VERSION = 4.0;
				TARGETED_DEVICE_FAMILY = "1,2";
				TEST_TARGET_NAME = Practice;
			};
			name = Debug;
		};
		F3DE78A21F8DB20D0093EF82 /* Release */ = {
			isa = XCBuildConfiguration;
			buildSettings = {
				ALWAYS_EMBED_SWIFT_STANDARD_LIBRARIES = YES;
				CODE_SIGN_STYLE = Automatic;
				INFOPLIST_FILE = PracticeUITests/Info.plist;
				LD_RUNPATH_SEARCH_PATHS = "$(inherited) @executable_path/Frameworks @loader_path/Frameworks";
				PRODUCT_BUNDLE_IDENTIFIER = temp.PracticeUITests;
				PRODUCT_NAME = "$(TARGET_NAME)";
				SWIFT_VERSION = 4.0;
				TARGETED_DEVICE_FAMILY = "1,2";
				TEST_TARGET_NAME = Practice;
			};
			name = Release;
		};
/* End XCBuildConfiguration section */

/* Begin XCConfigurationList section */
		F3DE786D1F8DB20C0093EF82 /* Build configuration list for PBXProject "Practice" */ = {
			isa = XCConfigurationList;
			buildConfigurations = (
				F3DE78981F8DB20D0093EF82 /* Debug */,
				F3DE78991F8DB20D0093EF82 /* Release */,
			);
			defaultConfigurationIsVisible = 0;
			defaultConfigurationName = Release;
		};
		F3DE789A1F8DB20D0093EF82 /* Build configuration list for PBXNativeTarget "Practice" */ = {
			isa = XCConfigurationList;
			buildConfigurations = (
				F3DE789B1F8DB20D0093EF82 /* Debug */,
				F3DE789C1F8DB20D0093EF82 /* Release */,
			);
			defaultConfigurationIsVisible = 0;
			defaultConfigurationName = Release;
		};
		F3DE789D1F8DB20D0093EF82 /* Build configuration list for PBXNativeTarget "PracticeTests" */ = {
			isa = XCConfigurationList;
			buildConfigurations = (
				F3DE789E1F8DB20D0093EF82 /* Debug */,
				F3DE789F1F8DB20D0093EF82 /* Release */,
			);
			defaultConfigurationIsVisible = 0;
			defaultConfigurationName = Release;
		};
		F3DE78A01F8DB20D0093EF82 /* Build configuration list for PBXNativeTarget "PracticeUITests" */ = {
			isa = XCConfigurationList;
			buildConfigurations = (
				F3DE78A11F8DB20D0093EF82 /* Debug */,
				F3DE78A21F8DB20D0093EF82 /* Release */,
			);
			defaultConfigurationIsVisible = 0;
			defaultConfigurationName = Release;
		};
/* End XCConfigurationList section */
	};
	rootObject = F3DE786A1F8DB20C0093EF82 /* Project object */;
}
